// !$*UTF8*$!
{
	archiveVersion = 1;
	classes = {
	};
	objectVersion = 48;
	objects = {

/* Begin PBXBuildFile section */
		C9EDA6DD1FE3DDFD00954C43 /* Assets.xcassets in Resources */ = {isa = PBXBuildFile; fileRef = C9EDA6D31FE3DDFD00954C43 /* Assets.xcassets */; };
		C9EDA6DE1FE3DDFD00954C43 /* ViewController.m in Sources */ = {isa = PBXBuildFile; fileRef = C9EDA6D41FE3DDFD00954C43 /* ViewController.m */; };
		C9EDA6DF1FE3DDFD00954C43 /* LaunchScreen.storyboard in Resources */ = {isa = PBXBuildFile; fileRef = C9EDA6D51FE3DDFD00954C43 /* LaunchScreen.storyboard */; };
		C9EDA6E01FE3DDFD00954C43 /* Main.storyboard in Resources */ = {isa = PBXBuildFile; fileRef = C9EDA6D71FE3DDFD00954C43 /* Main.storyboard */; };
		C9EDA6E11FE3DDFD00954C43 /* main.m in Sources */ = {isa = PBXBuildFile; fileRef = C9EDA6D91FE3DDFD00954C43 /* main.m */; };
		C9EDA6E21FE3DDFD00954C43 /* AppDelegate.m in Sources */ = {isa = PBXBuildFile; fileRef = C9EDA6DA1FE3DDFD00954C43 /* AppDelegate.m */; };
		C9EDA6E71FE3DE1C00954C43 /* K9SegmentedControl.m in Sources */ = {isa = PBXBuildFile; fileRef = C9EDA6E51FE3DE1C00954C43 /* K9SegmentedControl.m */; };
		F40F499ADE439EB0F697BF8B /* libPods-K9SegmentedControl.a in Frameworks */ = {isa = PBXBuildFile; fileRef = 307946214152DE6163EEB2CA /* libPods-K9SegmentedControl.a */; };
/* End PBXBuildFile section */

/* Begin PBXFileReference section */
		307946214152DE6163EEB2CA /* libPods-K9SegmentedControl.a */ = {isa = PBXFileReference; explicitFileType = archive.ar; includeInIndex = 0; path = "libPods-K9SegmentedControl.a"; sourceTree = BUILT_PRODUCTS_DIR; };
		816C48D879F55178509A1DE0 /* Pods-K9SegmentedControl.release.xcconfig */ = {isa = PBXFileReference; includeInIndex = 1; lastKnownFileType = text.xcconfig; name = "Pods-K9SegmentedControl.release.xcconfig"; path = "Pods/Target Support Files/Pods-K9SegmentedControl/Pods-K9SegmentedControl.release.xcconfig"; sourceTree = "<group>"; };
		C9EDA6B81FE3DD3500954C43 /* K9SegmentedControl.app */ = {isa = PBXFileReference; explicitFileType = wrapper.application; includeInIndex = 0; path = K9SegmentedControl.app; sourceTree = BUILT_PRODUCTS_DIR; };
		C9EDA6D21FE3DDFD00954C43 /* AppDelegate.h */ = {isa = PBXFileReference; fileEncoding = 4; lastKnownFileType = sourcecode.c.h; path = AppDelegate.h; sourceTree = "<group>"; };
		C9EDA6D31FE3DDFD00954C43 /* Assets.xcassets */ = {isa = PBXFileReference; lastKnownFileType = folder.assetcatalog; path = Assets.xcassets; sourceTree = "<group>"; };
		C9EDA6D41FE3DDFD00954C43 /* ViewController.m */ = {isa = PBXFileReference; fileEncoding = 4; lastKnownFileType = sourcecode.c.objc; path = ViewController.m; sourceTree = "<group>"; };
		C9EDA6D61FE3DDFD00954C43 /* Base */ = {isa = PBXFileReference; lastKnownFileType = file.storyboard; name = Base; path = Base.lproj/LaunchScreen.storyboard; sourceTree = "<group>"; };
		C9EDA6D81FE3DDFD00954C43 /* Base */ = {isa = PBXFileReference; lastKnownFileType = file.storyboard; name = Base; path = Base.lproj/Main.storyboard; sourceTree = "<group>"; };
		C9EDA6D91FE3DDFD00954C43 /* main.m */ = {isa = PBXFileReference; fileEncoding = 4; lastKnownFileType = sourcecode.c.objc; path = main.m; sourceTree = "<group>"; };
		C9EDA6DA1FE3DDFD00954C43 /* AppDelegate.m */ = {isa = PBXFileReference; fileEncoding = 4; lastKnownFileType = sourcecode.c.objc; path = AppDelegate.m; sourceTree = "<group>"; };
		C9EDA6DB1FE3DDFD00954C43 /* Info.plist */ = {isa = PBXFileReference; fileEncoding = 4; lastKnownFileType = text.plist.xml; path = Info.plist; sourceTree = "<group>"; };
		C9EDA6DC1FE3DDFD00954C43 /* ViewController.h */ = {isa = PBXFileReference; fileEncoding = 4; lastKnownFileType = sourcecode.c.h; path = ViewController.h; sourceTree = "<group>"; };
		C9EDA6E51FE3DE1C00954C43 /* K9SegmentedControl.m */ = {isa = PBXFileReference; fileEncoding = 4; lastKnownFileType = sourcecode.c.objc; path = K9SegmentedControl.m; sourceTree = "<group>"; };
		C9EDA6E61FE3DE1C00954C43 /* K9SegmentedControl.h */ = {isa = PBXFileReference; fileEncoding = 4; lastKnownFileType = sourcecode.c.h; path = K9SegmentedControl.h; sourceTree = "<group>"; };
		F425D9EB038D1D940DBA4BEE /* Pods-K9SegmentedControl.debug.xcconfig */ = {isa = PBXFileReference; includeInIndex = 1; lastKnownFileType = text.xcconfig; name = "Pods-K9SegmentedControl.debug.xcconfig"; path = "Pods/Target Support Files/Pods-K9SegmentedControl/Pods-K9SegmentedControl.debug.xcconfig"; sourceTree = "<group>"; };
/* End PBXFileReference section */

/* Begin PBXFrameworksBuildPhase section */
		C9EDA6B51FE3DD3500954C43 /* Frameworks */ = {
			isa = PBXFrameworksBuildPhase;
			buildActionMask = 2147483647;
			files = (
				F40F499ADE439EB0F697BF8B /* libPods-K9SegmentedControl.a in Frameworks */,
			);
			runOnlyForDeploymentPostprocessing = 0;
		};
/* End PBXFrameworksBuildPhase section */

/* Begin PBXGroup section */
		AD9545A9364067FB1812D09F /* Pods */ = {
			isa = PBXGroup;
			children = (
				F425D9EB038D1D940DBA4BEE /* Pods-K9SegmentedControl.debug.xcconfig */,
				816C48D879F55178509A1DE0 /* Pods-K9SegmentedControl.release.xcconfig */,
			);
			name = Pods;
			sourceTree = "<group>";
		};
		C9EDA6AF1FE3DD3500954C43 = {
			isa = PBXGroup;
			children = (
				C9EDA6E41FE3DE1C00954C43 /* K9SegmentedControl */,
				C9EDA6D11FE3DDFD00954C43 /* K9SegmentedControlDemo */,
				C9EDA6B91FE3DD3500954C43 /* Products */,
				AD9545A9364067FB1812D09F /* Pods */,
				E359B89F8DDBBB31B5D10576 /* Frameworks */,
			);
			sourceTree = "<group>";
		};
		C9EDA6B91FE3DD3500954C43 /* Products */ = {
			isa = PBXGroup;
			children = (
				C9EDA6B81FE3DD3500954C43 /* K9SegmentedControl.app */,
			);
			name = Products;
			sourceTree = "<group>";
		};
		C9EDA6D11FE3DDFD00954C43 /* K9SegmentedControlDemo */ = {
			isa = PBXGroup;
			children = (
				C9EDA6D21FE3DDFD00954C43 /* AppDelegate.h */,
				C9EDA6DA1FE3DDFD00954C43 /* AppDelegate.m */,
				C9EDA6DC1FE3DDFD00954C43 /* ViewController.h */,
				C9EDA6D41FE3DDFD00954C43 /* ViewController.m */,
				C9EDA6D31FE3DDFD00954C43 /* Assets.xcassets */,
				C9EDA6D51FE3DDFD00954C43 /* LaunchScreen.storyboard */,
				C9EDA6D71FE3DDFD00954C43 /* Main.storyboard */,
				C9EDA6D91FE3DDFD00954C43 /* main.m */,
				C9EDA6DB1FE3DDFD00954C43 /* Info.plist */,
			);
			path = K9SegmentedControlDemo;
			sourceTree = "<group>";
		};
		C9EDA6E41FE3DE1C00954C43 /* K9SegmentedControl */ = {
			isa = PBXGroup;
			children = (
				C9EDA6E61FE3DE1C00954C43 /* K9SegmentedControl.h */,
				C9EDA6E51FE3DE1C00954C43 /* K9SegmentedControl.m */,
			);
			path = K9SegmentedControl;
			sourceTree = "<group>";
		};
		E359B89F8DDBBB31B5D10576 /* Frameworks */ = {
			isa = PBXGroup;
			children = (
				307946214152DE6163EEB2CA /* libPods-K9SegmentedControl.a */,
			);
			name = Frameworks;
			sourceTree = "<group>";
		};
/* End PBXGroup section */

/* Begin PBXNativeTarget section */
		C9EDA6B71FE3DD3500954C43 /* K9SegmentedControl */ = {
			isa = PBXNativeTarget;
			buildConfigurationList = C9EDA6CE1FE3DD3500954C43 /* Build configuration list for PBXNativeTarget "K9SegmentedControl" */;
			buildPhases = (
				627BD0B6DF6D7DC819814476 /* [CP] Check Pods Manifest.lock */,
				C9EDA6B41FE3DD3500954C43 /* Sources */,
				C9EDA6B51FE3DD3500954C43 /* Frameworks */,
				C9EDA6B61FE3DD3500954C43 /* Resources */,
				8B56345A8FE5513989FC3E40 /* [CP] Embed Pods Frameworks */,
				ED475E454010195832BEBE1B /* [CP] Copy Pods Resources */,
			);
			buildRules = (
			);
			dependencies = (
			);
			name = K9SegmentedControl;
			productName = K9SegmentedControl;
			productReference = C9EDA6B81FE3DD3500954C43 /* K9SegmentedControl.app */;
			productType = "com.apple.product-type.application";
		};
/* End PBXNativeTarget section */

/* Begin PBXProject section */
		C9EDA6B01FE3DD3500954C43 /* Project object */ = {
			isa = PBXProject;
			attributes = {
				LastUpgradeCheck = 0920;
				ORGANIZATIONNAME = K999999999;
				TargetAttributes = {
					C9EDA6B71FE3DD3500954C43 = {
						CreatedOnToolsVersion = 9.2;
						ProvisioningStyle = Automatic;
					};
				};
			};
			buildConfigurationList = C9EDA6B31FE3DD3500954C43 /* Build configuration list for PBXProject "K9SegmentedControl" */;
			compatibilityVersion = "Xcode 8.0";
			developmentRegion = en;
			hasScannedForEncodings = 0;
			knownRegions = (
				en,
				Base,
			);
			mainGroup = C9EDA6AF1FE3DD3500954C43;
			productRefGroup = C9EDA6B91FE3DD3500954C43 /* Products */;
			projectDirPath = "";
			projectRoot = "";
			targets = (
				C9EDA6B71FE3DD3500954C43 /* K9SegmentedControl */,
			);
		};
/* End PBXProject section */

/* Begin PBXResourcesBuildPhase section */
		C9EDA6B61FE3DD3500954C43 /* Resources */ = {
			isa = PBXResourcesBuildPhase;
			buildActionMask = 2147483647;
			files = (
				C9EDA6E01FE3DDFD00954C43 /* Main.storyboard in Resources */,
				C9EDA6DD1FE3DDFD00954C43 /* Assets.xcassets in Resources */,
				C9EDA6DF1FE3DDFD00954C43 /* LaunchScreen.storyboard in Resources */,
			);
			runOnlyForDeploymentPostprocessing = 0;
		};
/* End PBXResourcesBuildPhase section */

/* Begin PBXShellScriptBuildPhase section */
		627BD0B6DF6D7DC819814476 /* [CP] Check Pods Manifest.lock */ = {
			isa = PBXShellScriptBuildPhase;
			buildActionMask = 2147483647;
			files = (
			);
			inputPaths = (
			);
			name = "[CP] Check Pods Manifest.lock";
			outputPaths = (
			);
			runOnlyForDeploymentPostprocessing = 0;
			shellPath = /bin/sh;
			shellScript = "diff \"${PODS_PODFILE_DIR_PATH}/Podfile.lock\" \"${PODS_ROOT}/Manifest.lock\" > /dev/null\nif [ $? != 0 ] ; then\n    # print error to STDERR\n    echo \"error: The sandbox is not in sync with the Podfile.lock. Run 'pod install' or update your CocoaPods installation.\" >&2\n    exit 1\nfi\n";
			showEnvVarsInLog = 0;
		};
		8B56345A8FE5513989FC3E40 /* [CP] Embed Pods Frameworks */ = {
			isa = PBXShellScriptBuildPhase;
			buildActionMask = 2147483647;
			files = (
			);
			inputPaths = (
			);
			name = "[CP] Embed Pods Frameworks";
			outputPaths = (
			);
			runOnlyForDeploymentPostprocessing = 0;
			shellPath = /bin/sh;
			shellScript = "\"${SRCROOT}/Pods/Target Support Files/Pods-K9SegmentedControl/Pods-K9SegmentedControl-frameworks.sh\"\n";
			showEnvVarsInLog = 0;
		};
		ED475E454010195832BEBE1B /* [CP] Copy Pods Resources */ = {
			isa = PBXShellScriptBuildPhase;
			buildActionMask = 2147483647;
			files = (
			);
			inputPaths = (
			);
			name = "[CP] Copy Pods Resources";
			outputPaths = (
			);
			runOnlyForDeploymentPostprocessing = 0;
			shellPath = /bin/sh;
			shellScript = "\"${SRCROOT}/Pods/Target Support Files/Pods-K9SegmentedControl/Pods-K9SegmentedControl-resources.sh\"\n";
			showEnvVarsInLog = 0;
		};
/* End PBXShellScriptBuildPhase section */

/* Begin PBXSourcesBuildPhase section */
		C9EDA6B41FE3DD3500954C43 /* Sources */ = {
			isa = PBXSourcesBuildPhase;
			buildActionMask = 2147483647;
			files = (
				C9EDA6E71FE3DE1C00954C43 /* K9SegmentedControl.m in Sources */,
				C9EDA6E11FE3DDFD00954C43 /* main.m in Sources */,
				C9EDA6DE1FE3DDFD00954C43 /* ViewController.m in Sources */,
				C9EDA6E21FE3DDFD00954C43 /* AppDelegate.m in Sources */,
			);
			runOnlyForDeploymentPostprocessing = 0;
		};
/* End PBXSourcesBuildPhase section */

/* Begin PBXVariantGroup section */
		C9EDA6D51FE3DDFD00954C43 /* LaunchScreen.storyboard */ = {
			isa = PBXVariantGroup;
			children = (
				C9EDA6D61FE3DDFD00954C43 /* Base */,
			);
			name = LaunchScreen.storyboard;
			sourceTree = "<group>";
		};
		C9EDA6D71FE3DDFD00954C43 /* Main.storyboard */ = {
			isa = PBXVariantGroup;
			children = (
				C9EDA6D81FE3DDFD00954C43 /* Base */,
			);
			name = Main.storyboard;
			sourceTree = "<group>";
		};
/* End PBXVariantGroup section */

/* Begin XCBuildConfiguration section */
		C9EDA6CC1FE3DD3500954C43 /* Debug */ = {
			isa = XCBuildConfiguration;
			buildSettings = {
				ALWAYS_SEARCH_USER_PATHS = NO;
				CLANG_ANALYZER_NONNULL = YES;
				CLANG_ANALYZER_NUMBER_OBJECT_CONVERSION = YES_AGGRESSIVE;
				CLANG_CXX_LANGUAGE_STANDARD = "gnu++14";
				CLANG_CXX_LIBRARY = "libc++";
				CLANG_ENABLE_MODULES = YES;
				CLANG_ENABLE_OBJC_ARC = YES;
				CLANG_WARN_BLOCK_CAPTURE_AUTORELEASING = YES;
				CLANG_WARN_BOOL_CONVERSION = YES;
				CLANG_WARN_COMMA = YES;
				CLANG_WARN_CONSTANT_CONVERSION = YES;
				CLANG_WARN_DIRECT_OBJC_ISA_USAGE = YES_ERROR;
				CLANG_WARN_DOCUMENTATION_COMMENTS = YES;
				CLANG_WARN_EMPTY_BODY = YES;
				CLANG_WARN_ENUM_CONVERSION = YES;
				CLANG_WARN_INFINITE_RECURSION = YES;
				CLANG_WARN_INT_CONVERSION = YES;
				CLANG_WARN_NON_LITERAL_NULL_CONVERSION = YES;
				CLANG_WARN_OBJC_LITERAL_CONVERSION = YES;
				CLANG_WARN_OBJC_ROOT_CLASS = YES_ERROR;
				CLANG_WARN_RANGE_LOOP_ANALYSIS = YES;
				CLANG_WARN_STRICT_PROTOTYPES = YES;
				CLANG_WARN_SUSPICIOUS_MOVE = YES;
				CLANG_WARN_UNGUARDED_AVAILABILITY = YES_AGGRESSIVE;
				CLANG_WARN_UNREACHABLE_CODE = YES;
				CLANG_WARN__DUPLICATE_METHOD_MATCH = YES;
				CODE_SIGN_IDENTITY = "iPhone Developer";
				COPY_PHASE_STRIP = NO;
				DEBUG_INFORMATION_FORMAT = dwarf;
				ENABLE_STRICT_OBJC_MSGSEND = YES;
				ENABLE_TESTABILITY = YES;
				GCC_C_LANGUAGE_STANDARD = gnu11;
				GCC_DYNAMIC_NO_PIC = NO;
				GCC_NO_COMMON_BLOCKS = YES;
				GCC_OPTIMIZATION_LEVEL = 0;
				GCC_PREPROCESSOR_DEFINITIONS = (
					"DEBUG=1",
					"$(inherited)",
				);
				GCC_WARN_64_TO_32_BIT_CONVERSION = YES;
				GCC_WARN_ABOUT_RETURN_TYPE = YES_ERROR;
				GCC_WARN_UNDECLARED_SELECTOR = YES;
				GCC_WARN_UNINITIALIZED_AUTOS = YES_AGGRESSIVE;
				GCC_WARN_UNUSED_FUNCTION = YES;
				GCC_WARN_UNUSED_VARIABLE = YES;
				IPHONEOS_DEPLOYMENT_TARGET = 9.0;
				MTL_ENABLE_DEBUG_INFO = YES;
				ONLY_ACTIVE_ARCH = YES;
				SDKROOT = iphoneos;
			};
			name = Debug;
		};
		C9EDA6CD1FE3DD3500954C43 /* Release */ = {
			isa = XCBuildConfiguration;
			buildSettings = {
				ALWAYS_SEARCH_USER_PATHS = NO;
				CLANG_ANALYZER_NONNULL = YES;
				CLANG_ANALYZER_NUMBER_OBJECT_CONVERSION = YES_AGGRESSIVE;
				CLANG_CXX_LANGUAGE_STANDARD = "gnu++14";
				CLANG_CXX_LIBRARY = "libc++";
				CLANG_ENABLE_MODULES = YES;
				CLANG_ENABLE_OBJC_ARC = YES;
				CLANG_WARN_BLOCK_CAPTURE_AUTORELEASING = YES;
				CLANG_WARN_BOOL_CONVERSION = YES;
				CLANG_WARN_COMMA = YES;
				CLANG_WARN_CONSTANT_CONVERSION = YES;
				CLANG_WARN_DIRECT_OBJC_ISA_USAGE = YES_ERROR;
				CLANG_WARN_DOCUMENTATION_COMMENTS = YES;
				CLANG_WARN_EMPTY_BODY = YES;
				CLANG_WARN_ENUM_CONVERSION = YES;
				CLANG_WARN_INFINITE_RECURSION = YES;
				CLANG_WARN_INT_CONVERSION = YES;
				CLANG_WARN_NON_LITERAL_NULL_CONVERSION = YES;
				CLANG_WARN_OBJC_LITERAL_CONVERSION = YES;
				CLANG_WARN_OBJC_ROOT_CLASS = YES_ERROR;
				CLANG_WARN_RANGE_LOOP_ANALYSIS = YES;
				CLANG_WARN_STRICT_PROTOTYPES = YES;
				CLANG_WARN_SUSPICIOUS_MOVE = YES;
				CLANG_WARN_UNGUARDED_AVAILABILITY = YES_AGGRESSIVE;
				CLANG_WARN_UNREACHABLE_CODE = YES;
				CLANG_WARN__DUPLICATE_METHOD_MATCH = YES;
				CODE_SIGN_IDENTITY = "iPhone Developer";
				COPY_PHASE_STRIP = NO;
				DEBUG_INFORMATION_FORMAT = "dwarf-with-dsym";
				ENABLE_NS_ASSERTIONS = NO;
				ENABLE_STRICT_OBJC_MSGSEND = YES;
				GCC_C_LANGUAGE_STANDARD = gnu11;
				GCC_NO_COMMON_BLOCKS = YES;
				GCC_WARN_64_TO_32_BIT_CONVERSION = YES;
				GCC_WARN_ABOUT_RETURN_TYPE = YES_ERROR;
				GCC_WARN_UNDECLARED_SELECTOR = YES;
				GCC_WARN_UNINITIALIZED_AUTOS = YES_AGGRESSIVE;
				GCC_WARN_UNUSED_FUNCTION = YES;
				GCC_WARN_UNUSED_VARIABLE = YES;
				IPHONEOS_DEPLOYMENT_TARGET = 9.0;
				MTL_ENABLE_DEBUG_INFO = NO;
				SDKROOT = iphoneos;
				VALIDATE_PRODUCT = YES;
			};
			name = Release;
		};
		C9EDA6CF1FE3DD3500954C43 /* Debug */ = {
			isa = XCBuildConfiguration;
			baseConfigurationReference = F425D9EB038D1D940DBA4BEE /* Pods-K9SegmentedControl.debug.xcconfig */;
			buildSettings = {
				ASSETCATALOG_COMPILER_APPICON_NAME = AppIcon;
				CODE_SIGN_STYLE = Automatic;
				DEVELOPMENT_TEAM = KX8F4VQ9VR;
				INFOPLIST_FILE = K9SegmentedControlDemo/Info.plist;
				IPHONEOS_DEPLOYMENT_TARGET = 9.0;
				LD_RUNPATH_SEARCH_PATHS = "$(inherited) @executable_path/Frameworks";
				PRODUCT_BUNDLE_IDENTIFIER = K999999999.K9SegmentedControl;
				PRODUCT_NAME = "$(TARGET_NAME)";
				TARGETED_DEVICE_FAMILY = "1,2";
			};
			name = Debug;
		};
		C9EDA6D01FE3DD3500954C43 /* Release */ = {
			isa = XCBuildConfiguration;
			baseConfigurationReference = 816C48D879F55178509A1DE0 /* Pods-K9SegmentedControl.release.xcconfig */;
			buildSettings = {
				ASSETCATALOG_COMPILER_APPICON_NAME = AppIcon;
				CODE_SIGN_STYLE = Automatic;
				DEVELOPMENT_TEAM = KX8F4VQ9VR;
				INFOPLIST_FILE = K9SegmentedControlDemo/Info.plist;
				IPHONEOS_DEPLOYMENT_TARGET = 9.0;
				LD_RUNPATH_SEARCH_PATHS = "$(inherited) @executable_path/Frameworks";
				PRODUCT_BUNDLE_IDENTIFIER = K999999999.K9SegmentedControl;
				PRODUCT_NAME = "$(TARGET_NAME)";
				TARGETED_DEVICE_FAMILY = "1,2";
			};
			name = Release;
		};
/* End XCBuildConfiguration section */

/* Begin XCConfigurationList section */
		C9EDA6B31FE3DD3500954C43 /* Build configuration list for PBXProject "K9SegmentedControl" */ = {
			isa = XCConfigurationList;
			buildConfigurations = (
				C9EDA6CC1FE3DD3500954C43 /* Debug */,
				C9EDA6CD1FE3DD3500954C43 /* Release */,
			);
			defaultConfigurationIsVisible = 0;
			defaultConfigurationName = Release;
		};
		C9EDA6CE1FE3DD3500954C43 /* Build configuration list for PBXNativeTarget "K9SegmentedControl" */ = {
			isa = XCConfigurationList;
			buildConfigurations = (
				C9EDA6CF1FE3DD3500954C43 /* Debug */,
				C9EDA6D01FE3DD3500954C43 /* Release */,
			);
			defaultConfigurationIsVisible = 0;
			defaultConfigurationName = Release;
		};
/* End XCConfigurationList section */
	};
	rootObject = C9EDA6B01FE3DD3500954C43 /* Project object */;
}
